// !$*UTF8*$!
{
	archiveVersion = 1;
	classes = {
	};
	objectVersion = 46;
	objects = {

/* Begin PBXBuildFile section */
		35D939B41C82F567000AD90D /* CPAlertViewController.swift in Sources */ = {isa = PBXBuildFile; fileRef = 35D939B21C82F567000AD90D /* CPAlertViewController.swift */; };
		35D939B51C82F567000AD90D /* HelpClass.swift in Sources */ = {isa = PBXBuildFile; fileRef = 35D939B31C82F567000AD90D /* HelpClass.swift */; };
		950011241C1907E800E0126C /* CPCollectionViewCell.swift in Sources */ = {isa = PBXBuildFile; fileRef = 950011231C1907E800E0126C /* CPCollectionViewCell.swift */; };
		95FA1DE21C1669D600FFCD05 /* AppDelegate.swift in Sources */ = {isa = PBXBuildFile; fileRef = 95FA1DE11C1669D600FFCD05 /* AppDelegate.swift */; };
		95FA1DE41C1669D600FFCD05 /* ViewController.swift in Sources */ = {isa = PBXBuildFile; fileRef = 95FA1DE31C1669D600FFCD05 /* ViewController.swift */; };
		95FA1DE71C1669D600FFCD05 /* Main.storyboard in Resources */ = {isa = PBXBuildFile; fileRef = 95FA1DE51C1669D600FFCD05 /* Main.storyboard */; };
		95FA1DE91C1669D600FFCD05 /* Assets.xcassets in Resources */ = {isa = PBXBuildFile; fileRef = 95FA1DE81C1669D600FFCD05 /* Assets.xcassets */; };
		95FA1DEC1C1669D700FFCD05 /* LaunchScreen.storyboard in Resources */ = {isa = PBXBuildFile; fileRef = 95FA1DEA1C1669D700FFCD05 /* LaunchScreen.storyboard */; };
/* End PBXBuildFile section */

/* Begin PBXFileReference section */
		35D939B21C82F567000AD90D /* CPAlertViewController.swift */ = {isa = PBXFileReference; fileEncoding = 4; lastKnownFileType = sourcecode.swift; path = CPAlertViewController.swift; sourceTree = "<group>"; };
		35D939B31C82F567000AD90D /* HelpClass.swift */ = {isa = PBXFileReference; fileEncoding = 4; lastKnownFileType = sourcecode.swift; path = HelpClass.swift; sourceTree = "<group>"; };
		950011231C1907E800E0126C /* CPCollectionViewCell.swift */ = {isa = PBXFileReference; fileEncoding = 4; lastKnownFileType = sourcecode.swift; path = CPCollectionViewCell.swift; sourceTree = "<group>"; };
		95FA1DDE1C1669D500FFCD05 /* CPAlertViewController.app */ = {isa = PBXFileReference; explicitFileType = wrapper.application; includeInIndex = 0; path = CPAlertViewController.app; sourceTree = BUILT_PRODUCTS_DIR; };
		95FA1DE11C1669D600FFCD05 /* AppDelegate.swift */ = {isa = PBXFileReference; lastKnownFileType = sourcecode.swift; path = AppDelegate.swift; sourceTree = "<group>"; };
		95FA1DE31C1669D600FFCD05 /* ViewController.swift */ = {isa = PBXFileReference; lastKnownFileType = sourcecode.swift; path = ViewController.swift; sourceTree = "<group>"; };
		95FA1DE61C1669D600FFCD05 /* Base */ = {isa = PBXFileReference; lastKnownFileType = file.storyboard; name = Base; path = Base.lproj/Main.storyboard; sourceTree = "<group>"; };
		95FA1DE81C1669D600FFCD05 /* Assets.xcassets */ = {isa = PBXFileReference; lastKnownFileType = folder.assetcatalog; path = Assets.xcassets; sourceTree = "<group>"; };
		95FA1DEB1C1669D700FFCD05 /* Base */ = {isa = PBXFileReference; lastKnownFileType = file.storyboard; name = Base; path = Base.lproj/LaunchScreen.storyboard; sourceTree = "<group>"; };
		95FA1DED1C1669D700FFCD05 /* Info.plist */ = {isa = PBXFileReference; lastKnownFileType = text.plist.xml; path = Info.plist; sourceTree = "<group>"; };
/* End PBXFileReference section */

/* Begin PBXFrameworksBuildPhase section */
		95FA1DDB1C1669D500FFCD05 /* Frameworks */ = {
			isa = PBXFrameworksBuildPhase;
			buildActionMask = 2147483647;
			files = (
			);
			runOnlyForDeploymentPostprocessing = 0;
		};
/* End PBXFrameworksBuildPhase section */

/* Begin PBXGroup section */
		35D939B11C82F567000AD90D /* Classes */ = {
			isa = PBXGroup;
			children = (
				35D939B21C82F567000AD90D /* CPAlertViewController.swift */,
				35D939B31C82F567000AD90D /* HelpClass.swift */,
			);
			path = Classes;
			sourceTree = "<group>";
		};
		95FA1DD51C1669D400FFCD05 = {
			isa = PBXGroup;
			children = (
				95FA1DE01C1669D500FFCD05 /* CPAlertViewController */,
				95FA1DDF1C1669D500FFCD05 /* Products */,
			);
			sourceTree = "<group>";
		};
		95FA1DDF1C1669D500FFCD05 /* Products */ = {
			isa = PBXGroup;
			children = (
				95FA1DDE1C1669D500FFCD05 /* CPAlertViewController.app */,
			);
			name = Products;
			sourceTree = "<group>";
		};
		95FA1DE01C1669D500FFCD05 /* CPAlertViewController */ = {
			isa = PBXGroup;
			children = (
				35D939B11C82F567000AD90D /* Classes */,
				950011231C1907E800E0126C /* CPCollectionViewCell.swift */,
				95FA1DE11C1669D600FFCD05 /* AppDelegate.swift */,
				95FA1DE31C1669D600FFCD05 /* ViewController.swift */,
				95FA1DE51C1669D600FFCD05 /* Main.storyboard */,
				95FA1DE81C1669D600FFCD05 /* Assets.xcassets */,
				95FA1DEA1C1669D700FFCD05 /* LaunchScreen.storyboard */,
				95FA1DED1C1669D700FFCD05 /* Info.plist */,
			);
			path = CPAlertViewController;
			sourceTree = "<group>";
		};
/* End PBXGroup section */

/* Begin PBXNativeTarget section */
		95FA1DDD1C1669D500FFCD05 /* CPAlertViewController */ = {
			isa = PBXNativeTarget;
			buildConfigurationList = 95FA1DF01C1669D700FFCD05 /* Build configuration list for PBXNativeTarget "CPAlertViewController" */;
			buildPhases = (
				95FA1DDA1C1669D500FFCD05 /* Sources */,
				95FA1DDB1C1669D500FFCD05 /* Frameworks */,
				95FA1DDC1C1669D500FFCD05 /* Resources */,
			);
			buildRules = (
			);
			dependencies = (
			);
			name = CPAlertViewController;
			productName = CPAlertViewController;
			productReference = 95FA1DDE1C1669D500FFCD05 /* CPAlertViewController.app */;
			productType = "com.apple.product-type.application";
		};
/* End PBXNativeTarget section */

/* Begin PBXProject section */
		95FA1DD61C1669D500FFCD05 /* Project object */ = {
			isa = PBXProject;
			attributes = {
				LastSwiftUpdateCheck = 0710;
				LastUpgradeCheck = 0710;
				ORGANIZATIONNAME = CP3HNU;
				TargetAttributes = {
					95FA1DDD1C1669D500FFCD05 = {
						CreatedOnToolsVersion = 7.1.1;
					};
				};
			};
			buildConfigurationList = 95FA1DD91C1669D500FFCD05 /* Build configuration list for PBXProject "CPAlertViewController" */;
			compatibilityVersion = "Xcode 3.2";
			developmentRegion = English;
			hasScannedForEncodings = 0;
			knownRegions = (
				en,
				Base,
			);
			mainGroup = 95FA1DD51C1669D400FFCD05;
			productRefGroup = 95FA1DDF1C1669D500FFCD05 /* Products */;
			projectDirPath = "";
			projectRoot = "";
			targets = (
				95FA1DDD1C1669D500FFCD05 /* CPAlertViewController */,
			);
		};
/* End PBXProject section */

/* Begin PBXResourcesBuildPhase section */
		95FA1DDC1C1669D500FFCD05 /* Resources */ = {
			isa = PBXResourcesBuildPhase;
			buildActionMask = 2147483647;
			files = (
				95FA1DEC1C1669D700FFCD05 /* LaunchScreen.storyboard in Resources */,
				95FA1DE91C1669D600FFCD05 /* Assets.xcassets in Resources */,
				95FA1DE71C1669D600FFCD05 /* Main.storyboard in Resources */,
			);
			runOnlyForDeploymentPostprocessing = 0;
		};
/* End PBXResourcesBuildPhase section */

/* Begin PBXSourcesBuildPhase section */
		95FA1DDA1C1669D500FFCD05 /* Sources */ = {
			isa = PBXSourcesBuildPhase;
			buildActionMask = 2147483647;
			files = (
				35D939B41C82F567000AD90D /* CPAlertViewController.swift in Sources */,
				35D939B51C82F567000AD90D /* HelpClass.swift in Sources */,
				95FA1DE41C1669D600FFCD05 /* ViewController.swift in Sources */,
				95FA1DE21C1669D600FFCD05 /* AppDelegate.swift in Sources */,
				950011241C1907E800E0126C /* CPCollectionViewCell.swift in Sources */,
			);
			runOnlyForDeploymentPostprocessing = 0;
		};
/* End PBXSourcesBuildPhase section */

/* Begin PBXVariantGroup section */
		95FA1DE51C1669D600FFCD05 /* Main.storyboard */ = {
			isa = PBXVariantGroup;
			children = (
				95FA1DE61C1669D600FFCD05 /* Base */,
			);
			name = Main.storyboard;
			sourceTree = "<group>";
		};
		95FA1DEA1C1669D700FFCD05 /* LaunchScreen.storyboard */ = {
			isa = PBXVariantGroup;
			children = (
				95FA1DEB1C1669D700FFCD05 /* Base */,
			);
			name = LaunchScreen.storyboard;
			sourceTree = "<group>";
		};
/* End PBXVariantGroup section */

/* Begin XCBuildConfiguration section */
		95FA1DEE1C1669D700FFCD05 /* Debug */ = {
			isa = XCBuildConfiguration;
			buildSettings = {
				ALWAYS_SEARCH_USER_PATHS = NO;
				CLANG_CXX_LANGUAGE_STANDARD = "gnu++0x";
				CLANG_CXX_LIBRARY = "libc++";
				CLANG_ENABLE_MODULES = YES;
				CLANG_ENABLE_OBJC_ARC = YES;
				CLANG_WARN_BOOL_CONVERSION = YES;
				CLANG_WARN_CONSTANT_CONVERSION = YES;
				CLANG_WARN_DIRECT_OBJC_ISA_USAGE = YES_ERROR;
				CLANG_WARN_EMPTY_BODY = YES;
				CLANG_WARN_ENUM_CONVERSION = YES;
				CLANG_WARN_INT_CONVERSION = YES;
				CLANG_WARN_OBJC_ROOT_CLASS = YES_ERROR;
				CLANG_WARN_UNREACHABLE_CODE = YES;
				CLANG_WARN__DUPLICATE_METHOD_MATCH = YES;
				"CODE_SIGN_IDENTITY[sdk=iphoneos*]" = "iPhone Developer";
				COPY_PHASE_STRIP = NO;
				DEBUG_INFORMATION_FORMAT = dwarf;
				ENABLE_STRICT_OBJC_MSGSEND = YES;
				ENABLE_TESTABILITY = YES;
				GCC_C_LANGUAGE_STANDARD = gnu99;
				GCC_DYNAMIC_NO_PIC = NO;
				GCC_NO_COMMON_BLOCKS = YES;
				GCC_OPTIMIZATION_LEVEL = 0;
				GCC_PREPROCESSOR_DEFINITIONS = (
					"DEBUG=1",
					"$(inherited)",
				);
				GCC_WARN_64_TO_32_BIT_CONVERSION = YES;
				GCC_WARN_ABOUT_RETURN_TYPE = YES_ERROR;
				GCC_WARN_UNDECLARED_SELECTOR = YES;
				GCC_WARN_UNINITIALIZED_AUTOS = YES_AGGRESSIVE;
				GCC_WARN_UNUSED_FUNCTION = YES;
				GCC_WARN_UNUSED_VARIABLE = YES;
				IPHONEOS_DEPLOYMENT_TARGET = 9.1;
				MTL_ENABLE_DEBUG_INFO = YES;
				ONLY_ACTIVE_ARCH = YES;
				SDKROOT = iphoneos;
				SWIFT_OPTIMIZATION_LEVEL = "-Onone";
			};
			name = Debug;
		};
		95FA1DEF1C1669D700FFCD05 /* Release */ = {
			isa = XCBuildConfiguration;
			buildSettings = {
				ALWAYS_SEARCH_USER_PATHS = NO;
				CLANG_CXX_LANGUAGE_STANDARD = "gnu++0x";
				CLANG_CXX_LIBRARY = "libc++";
				CLANG_ENABLE_MODULES = YES;
				CLANG_ENABLE_OBJC_ARC = YES;
				CLANG_WARN_BOOL_CONVERSION = YES;
				CLANG_WARN_CONSTANT_CONVERSION = YES;
				CLANG_WARN_DIRECT_OBJC_ISA_USAGE = YES_ERROR;
				CLANG_WARN_EMPTY_BODY = YES;
				CLANG_WARN_ENUM_CONVERSION = YES;
				CLANG_WARN_INT_CONVERSION = YES;
				CLANG_WARN_OBJC_ROOT_CLASS = YES_ERROR;
				CLANG_WARN_UNREACHABLE_CODE = YES;
				CLANG_WARN__DUPLICATE_METHOD_MATCH = YES;
				"CODE_SIGN_IDENTITY[sdk=iphoneos*]" = "iPhone Developer";
				COPY_PHASE_STRIP = NO;
				DEBUG_INFORMATION_FORMAT = "dwarf-with-dsym";
				ENABLE_NS_ASSERTIONS = NO;
				ENABLE_STRICT_OBJC_MSGSEND = YES;
				GCC_C_LANGUAGE_STANDARD = gnu99;
				GCC_NO_COMMON_BLOCKS = YES;
				GCC_WARN_64_TO_32_BIT_CONVERSION = YES;
				GCC_WARN_ABOUT_RETURN_TYPE = YES_ERROR;
				GCC_WARN_UNDECLARED_SELECTOR = YES;
				GCC_WARN_UNINITIALIZED_AUTOS = YES_AGGRESSIVE;
				GCC_WARN_UNUSED_FUNCTION = YES;
				GCC_WARN_UNUSED_VARIABLE = YES;
				IPHONEOS_DEPLOYMENT_TARGET = 9.1;
				MTL_ENABLE_DEBUG_INFO = NO;
				SDKROOT = iphoneos;
				VALIDATE_PRODUCT = YES;
			};
			name = Release;
		};
		95FA1DF11C1669D700FFCD05 /* Debug */ = {
			isa = XCBuildConfiguration;
			buildSettings = {
				ASSETCATALOG_COMPILER_APPICON_NAME = AppIcon;
				INFOPLIST_FILE = CPAlertViewController/Info.plist;
				IPHONEOS_DEPLOYMENT_TARGET = 8.0;
				LD_RUNPATH_SEARCH_PATHS = "$(inherited) @executable_path/Frameworks";
				PRODUCT_BUNDLE_IDENTIFIER = com.zte.CPAlertViewController;
				PRODUCT_NAME = "$(TARGET_NAME)";
			};
			name = Debug;
		};
		95FA1DF21C1669D700FFCD05 /* Release */ = {
			isa = XCBuildConfiguration;
			buildSettings = {
				ASSETCATALOG_COMPILER_APPICON_NAME = AppIcon;
				INFOPLIST_FILE = CPAlertViewController/Info.plist;
				IPHONEOS_DEPLOYMENT_TARGET = 8.0;
				LD_RUNPATH_SEARCH_PATHS = "$(inherited) @executable_path/Frameworks";
				PRODUCT_BUNDLE_IDENTIFIER = com.zte.CPAlertViewController;
				PRODUCT_NAME = "$(TARGET_NAME)";
			};
			name = Release;
		};
/* End XCBuildConfiguration section */

/* Begin XCConfigurationList section */
		95FA1DD91C1669D500FFCD05 /* Build configuration list for PBXProject "CPAlertViewController" */ = {
			isa = XCConfigurationList;
			buildConfigurations = (
				95FA1DEE1C1669D700FFCD05 /* Debug */,
				95FA1DEF1C1669D700FFCD05 /* Release */,
			);
			defaultConfigurationIsVisible = 0;
			defaultConfigurationName = Release;
		};
		95FA1DF01C1669D700FFCD05 /* Build configuration list for PBXNativeTarget "CPAlertViewController" */ = {
			isa = XCConfigurationList;
			buildConfigurations = (
				95FA1DF11C1669D700FFCD05 /* Debug */,
				95FA1DF21C1669D700FFCD05 /* Release */,
			);
			defaultConfigurationIsVisible = 0;
			defaultConfigurationName = Release;
		};
/* End XCConfigurationList section */
	};
	rootObject = 95FA1DD61C1669D500FFCD05 /* Project object */;
}
